// !$*UTF8*$!
{
	archiveVersion = 1;
	classes = {
	};
	objectVersion = 55;
	objects = {

/* Begin PBXBuildFile section */
		B540A778288721250059E8E2 /* Webservice.swift in Sources */ = {isa = PBXBuildFile; fileRef = B540A777288721250059E8E2 /* Webservice.swift */; };
		B5E8749928862E96000EB191 /* macosappApp.swift in Sources */ = {isa = PBXBuildFile; fileRef = B5E8749828862E96000EB191 /* macosappApp.swift */; };
		B5E8749B28862E96000EB191 /* ContentView.swift in Sources */ = {isa = PBXBuildFile; fileRef = B5E8749A28862E96000EB191 /* ContentView.swift */; };
		B5E8749D28862E99000EB191 /* Assets.xcassets in Resources */ = {isa = PBXBuildFile; fileRef = B5E8749C28862E99000EB191 /* Assets.xcassets */; };
		B5E874A028862E99000EB191 /* Preview Assets.xcassets in Resources */ = {isa = PBXBuildFile; fileRef = B5E8749F28862E99000EB191 /* Preview Assets.xcassets */; };
		B5E874AB28862E99000EB191 /* macosappTests.swift in Sources */ = {isa = PBXBuildFile; fileRef = B5E874AA28862E99000EB191 /* macosappTests.swift */; };
		B5E874B528862E99000EB191 /* macosappUITests.swift in Sources */ = {isa = PBXBuildFile; fileRef = B5E874B428862E99000EB191 /* macosappUITests.swift */; };
		B5E874B728862E99000EB191 /* macosappUITestsLaunchTests.swift in Sources */ = {isa = PBXBuildFile; fileRef = B5E874B628862E99000EB191 /* macosappUITestsLaunchTests.swift */; };
/* End PBXBuildFile section */

/* Begin PBXContainerItemProxy section */
		B5E874A728862E99000EB191 /* PBXContainerItemProxy */ = {
			isa = PBXContainerItemProxy;
			containerPortal = B5E8748D28862E96000EB191 /* Project object */;
			proxyType = 1;
			remoteGlobalIDString = B5E8749428862E96000EB191;
			remoteInfo = macosapp;
		};
		B5E874B128862E99000EB191 /* PBXContainerItemProxy */ = {
			isa = PBXContainerItemProxy;
			containerPortal = B5E8748D28862E96000EB191 /* Project object */;
			proxyType = 1;
			remoteGlobalIDString = B5E8749428862E96000EB191;
			remoteInfo = macosapp;
		};
/* End PBXContainerItemProxy section */

/* Begin PBXFileReference section */
		B540A777288721250059E8E2 /* Webservice.swift */ = {isa = PBXFileReference; lastKnownFileType = sourcecode.swift; path = Webservice.swift; sourceTree = "<group>"; };
		B5E8749528862E96000EB191 /* macosapp.app */ = {isa = PBXFileReference; explicitFileType = wrapper.application; includeInIndex = 0; path = macosapp.app; sourceTree = BUILT_PRODUCTS_DIR; };
		B5E8749828862E96000EB191 /* macosappApp.swift */ = {isa = PBXFileReference; lastKnownFileType = sourcecode.swift; path = macosappApp.swift; sourceTree = "<group>"; };
		B5E8749A28862E96000EB191 /* ContentView.swift */ = {isa = PBXFileReference; lastKnownFileType = sourcecode.swift; path = ContentView.swift; sourceTree = "<group>"; };
		B5E8749C28862E99000EB191 /* Assets.xcassets */ = {isa = PBXFileReference; lastKnownFileType = folder.assetcatalog; path = Assets.xcassets; sourceTree = "<group>"; };
		B5E8749F28862E99000EB191 /* Preview Assets.xcassets */ = {isa = PBXFileReference; lastKnownFileType = folder.assetcatalog; path = "Preview Assets.xcassets"; sourceTree = "<group>"; };
		B5E874A128862E99000EB191 /* macosapp.entitlements */ = {isa = PBXFileReference; lastKnownFileType = text.plist.entitlements; path = macosapp.entitlements; sourceTree = "<group>"; };
		B5E874A628862E99000EB191 /* macosappTests.xctest */ = {isa = PBXFileReference; explicitFileType = wrapper.cfbundle; includeInIndex = 0; path = macosappTests.xctest; sourceTree = BUILT_PRODUCTS_DIR; };
		B5E874AA28862E99000EB191 /* macosappTests.swift */ = {isa = PBXFileReference; lastKnownFileType = sourcecode.swift; path = macosappTests.swift; sourceTree = "<group>"; };
		B5E874B028862E99000EB191 /* macosappUITests.xctest */ = {isa = PBXFileReference; explicitFileType = wrapper.cfbundle; includeInIndex = 0; path = macosappUITests.xctest; sourceTree = BUILT_PRODUCTS_DIR; };
		B5E874B428862E99000EB191 /* macosappUITests.swift */ = {isa = PBXFileReference; lastKnownFileType = sourcecode.swift; path = macosappUITests.swift; sourceTree = "<group>"; };
		B5E874B628862E99000EB191 /* macosappUITestsLaunchTests.swift */ = {isa = PBXFileReference; lastKnownFileType = sourcecode.swift; path = macosappUITestsLaunchTests.swift; sourceTree = "<group>"; };
/* End PBXFileReference section */

/* Begin PBXFrameworksBuildPhase section */
		B5E8749228862E96000EB191 /* Frameworks */ = {
			isa = PBXFrameworksBuildPhase;
			buildActionMask = 2147483647;
			files = (
			);
			runOnlyForDeploymentPostprocessing = 0;
		};
		B5E874A328862E99000EB191 /* Frameworks */ = {
			isa = PBXFrameworksBuildPhase;
			buildActionMask = 2147483647;
			files = (
			);
			runOnlyForDeploymentPostprocessing = 0;
		};
		B5E874AD28862E99000EB191 /* Frameworks */ = {
			isa = PBXFrameworksBuildPhase;
			buildActionMask = 2147483647;
			files = (
			);
			runOnlyForDeploymentPostprocessing = 0;
		};
/* End PBXFrameworksBuildPhase section */

/* Begin PBXGroup section */
		B540A776288720F30059E8E2 /* Services */ = {
			isa = PBXGroup;
			children = (
				B540A777288721250059E8E2 /* Webservice.swift */,
			);
			path = Services;
			sourceTree = "<group>";
		};
		B5E8748C28862E96000EB191 = {
			isa = PBXGroup;
			children = (
				B5E8749728862E96000EB191 /* macosapp */,
				B5E874A928862E99000EB191 /* macosappTests */,
				B5E874B328862E99000EB191 /* macosappUITests */,
				B5E8749628862E96000EB191 /* Products */,
			);
			sourceTree = "<group>";
		};
		B5E8749628862E96000EB191 /* Products */ = {
			isa = PBXGroup;
			children = (
				B5E8749528862E96000EB191 /* macosapp.app */,
				B5E874A628862E99000EB191 /* macosappTests.xctest */,
				B5E874B028862E99000EB191 /* macosappUITests.xctest */,
			);
			name = Products;
			sourceTree = "<group>";
		};
		B5E8749728862E96000EB191 /* macosapp */ = {
			isa = PBXGroup;
			children = (
				B540A776288720F30059E8E2 /* Services */,
				B5E8749828862E96000EB191 /* macosappApp.swift */,
				B5E8749A28862E96000EB191 /* ContentView.swift */,
				B5E8749C28862E99000EB191 /* Assets.xcassets */,
				B5E874A128862E99000EB191 /* macosapp.entitlements */,
				B5E8749E28862E99000EB191 /* Preview Content */,
			);
			path = macosapp;
			sourceTree = "<group>";
		};
		B5E8749E28862E99000EB191 /* Preview Content */ = {
			isa = PBXGroup;
			children = (
				B5E8749F28862E99000EB191 /* Preview Assets.xcassets */,
			);
			path = "Preview Content";
			sourceTree = "<group>";
		};
		B5E874A928862E99000EB191 /* macosappTests */ = {
			isa = PBXGroup;
			children = (
				B5E874AA28862E99000EB191 /* macosappTests.swift */,
			);
			path = macosappTests;
			sourceTree = "<group>";
		};
		B5E874B328862E99000EB191 /* macosappUITests */ = {
			isa = PBXGroup;
			children = (
				B5E874B428862E99000EB191 /* macosappUITests.swift */,
				B5E874B628862E99000EB191 /* macosappUITestsLaunchTests.swift */,
			);
			path = macosappUITests;
			sourceTree = "<group>";
		};
/* End PBXGroup section */

/* Begin PBXNativeTarget section */
		B5E8749428862E96000EB191 /* macosapp */ = {
			isa = PBXNativeTarget;
			buildConfigurationList = B5E874BA28862E99000EB191 /* Build configuration list for PBXNativeTarget "macosapp" */;
			buildPhases = (
				B5E8749128862E96000EB191 /* Sources */,
				B5E8749228862E96000EB191 /* Frameworks */,
				B5E8749328862E96000EB191 /* Resources */,
			);
			buildRules = (
			);
			dependencies = (
			);
			name = macosapp;
			productName = macosapp;
			productReference = B5E8749528862E96000EB191 /* macosapp.app */;
			productType = "com.apple.product-type.application";
		};
		B5E874A528862E99000EB191 /* macosappTests */ = {
			isa = PBXNativeTarget;
			buildConfigurationList = B5E874BD28862E99000EB191 /* Build configuration list for PBXNativeTarget "macosappTests" */;
			buildPhases = (
				B5E874A228862E99000EB191 /* Sources */,
				B5E874A328862E99000EB191 /* Frameworks */,
				B5E874A428862E99000EB191 /* Resources */,
			);
			buildRules = (
			);
			dependencies = (
				B5E874A828862E99000EB191 /* PBXTargetDependency */,
			);
			name = macosappTests;
			productName = macosappTests;
			productReference = B5E874A628862E99000EB191 /* macosappTests.xctest */;
			productType = "com.apple.product-type.bundle.unit-test";
		};
		B5E874AF28862E99000EB191 /* macosappUITests */ = {
			isa = PBXNativeTarget;
			buildConfigurationList = B5E874C028862E99000EB191 /* Build configuration list for PBXNativeTarget "macosappUITests" */;
			buildPhases = (
				B5E874AC28862E99000EB191 /* Sources */,
				B5E874AD28862E99000EB191 /* Frameworks */,
				B5E874AE28862E99000EB191 /* Resources */,
			);
			buildRules = (
			);
			dependencies = (
				B5E874B228862E99000EB191 /* PBXTargetDependency */,
			);
			name = macosappUITests;
			productName = macosappUITests;
			productReference = B5E874B028862E99000EB191 /* macosappUITests.xctest */;
			productType = "com.apple.product-type.bundle.ui-testing";
		};
/* End PBXNativeTarget section */

/* Begin PBXProject section */
		B5E8748D28862E96000EB191 /* Project object */ = {
			isa = PBXProject;
			attributes = {
				BuildIndependentTargetsInParallel = 1;
				LastSwiftUpdateCheck = 1340;
				LastUpgradeCheck = 1340;
				TargetAttributes = {
					B5E8749428862E96000EB191 = {
						CreatedOnToolsVersion = 13.4.1;
					};
					B5E874A528862E99000EB191 = {
						CreatedOnToolsVersion = 13.4.1;
						TestTargetID = B5E8749428862E96000EB191;
					};
					B5E874AF28862E99000EB191 = {
						CreatedOnToolsVersion = 13.4.1;
						TestTargetID = B5E8749428862E96000EB191;
					};
				};
			};
			buildConfigurationList = B5E8749028862E96000EB191 /* Build configuration list for PBXProject "macosapp" */;
			compatibilityVersion = "Xcode 13.0";
			developmentRegion = en;
			hasScannedForEncodings = 0;
			knownRegions = (
				en,
				Base,
			);
			mainGroup = B5E8748C28862E96000EB191;
			productRefGroup = B5E8749628862E96000EB191 /* Products */;
			projectDirPath = "";
			projectRoot = "";
			targets = (
				B5E8749428862E96000EB191 /* macosapp */,
				B5E874A528862E99000EB191 /* macosappTests */,
				B5E874AF28862E99000EB191 /* macosappUITests */,
			);
		};
/* End PBXProject section */

/* Begin PBXResourcesBuildPhase section */
		B5E8749328862E96000EB191 /* Resources */ = {
			isa = PBXResourcesBuildPhase;
			buildActionMask = 2147483647;
			files = (
				B5E874A028862E99000EB191 /* Preview Assets.xcassets in Resources */,
				B5E8749D28862E99000EB191 /* Assets.xcassets in Resources */,
			);
			runOnlyForDeploymentPostprocessing = 0;
		};
		B5E874A428862E99000EB191 /* Resources */ = {
			isa = PBXResourcesBuildPhase;
			buildActionMask = 2147483647;
			files = (
			);
			runOnlyForDeploymentPostprocessing = 0;
		};
		B5E874AE28862E99000EB191 /* Resources */ = {
			isa = PBXResourcesBuildPhase;
			buildActionMask = 2147483647;
			files = (
			);
			runOnlyForDeploymentPostprocessing = 0;
		};
/* End PBXResourcesBuildPhase section */

/* Begin PBXSourcesBuildPhase section */
		B5E8749128862E96000EB191 /* Sources */ = {
			isa = PBXSourcesBuildPhase;
			buildActionMask = 2147483647;
			files = (
				B5E8749B28862E96000EB191 /* ContentView.swift in Sources */,
				B5E8749928862E96000EB191 /* macosappApp.swift in Sources */,
				B540A778288721250059E8E2 /* Webservice.swift in Sources */,
			);
			runOnlyForDeploymentPostprocessing = 0;
		};
		B5E874A228862E99000EB191 /* Sources */ = {
			isa = PBXSourcesBuildPhase;
			buildActionMask = 2147483647;
			files = (
				B5E874AB28862E99000EB191 /* macosappTests.swift in Sources */,
			);
			runOnlyForDeploymentPostprocessing = 0;
		};
		B5E874AC28862E99000EB191 /* Sources */ = {
			isa = PBXSourcesBuildPhase;
			buildActionMask = 2147483647;
			files = (
				B5E874B728862E99000EB191 /* macosappUITestsLaunchTests.swift in Sources */,
				B5E874B528862E99000EB191 /* macosappUITests.swift in Sources */,
			);
			runOnlyForDeploymentPostprocessing = 0;
		};
/* End PBXSourcesBuildPhase section */

/* Begin PBXTargetDependency section */
		B5E874A828862E99000EB191 /* PBXTargetDependency */ = {
			isa = PBXTargetDependency;
			target = B5E8749428862E96000EB191 /* macosapp */;
			targetProxy = B5E874A728862E99000EB191 /* PBXContainerItemProxy */;
		};
		B5E874B228862E99000EB191 /* PBXTargetDependency */ = {
			isa = PBXTargetDependency;
			target = B5E8749428862E96000EB191 /* macosapp */;
			targetProxy = B5E874B128862E99000EB191 /* PBXContainerItemProxy */;
		};
/* End PBXTargetDependency section */

/* Begin XCBuildConfiguration section */
		B5E874B828862E99000EB191 /* Debug */ = {
			isa = XCBuildConfiguration;
			buildSettings = {
				ALWAYS_SEARCH_USER_PATHS = NO;
				CLANG_ANALYZER_NONNULL = YES;
				CLANG_ANALYZER_NUMBER_OBJECT_CONVERSION = YES_AGGRESSIVE;
				CLANG_CXX_LANGUAGE_STANDARD = "gnu++17";
				CLANG_ENABLE_MODULES = YES;
				CLANG_ENABLE_OBJC_ARC = YES;
				CLANG_ENABLE_OBJC_WEAK = YES;
				CLANG_WARN_BLOCK_CAPTURE_AUTORELEASING = YES;
				CLANG_WARN_BOOL_CONVERSION = YES;
				CLANG_WARN_COMMA = YES;
				CLANG_WARN_CONSTANT_CONVERSION = YES;
				CLANG_WARN_DEPRECATED_OBJC_IMPLEMENTATIONS = YES;
				CLANG_WARN_DIRECT_OBJC_ISA_USAGE = YES_ERROR;
				CLANG_WARN_DOCUMENTATION_COMMENTS = YES;
				CLANG_WARN_EMPTY_BODY = YES;
				CLANG_WARN_ENUM_CONVERSION = YES;
				CLANG_WARN_INFINITE_RECURSION = YES;
				CLANG_WARN_INT_CONVERSION = YES;
				CLANG_WARN_NON_LITERAL_NULL_CONVERSION = YES;
				CLANG_WARN_OBJC_IMPLICIT_RETAIN_SELF = YES;
				CLANG_WARN_OBJC_LITERAL_CONVERSION = YES;
				CLANG_WARN_OBJC_ROOT_CLASS = YES_ERROR;
				CLANG_WARN_QUOTED_INCLUDE_IN_FRAMEWORK_HEADER = YES;
				CLANG_WARN_RANGE_LOOP_ANALYSIS = YES;
				CLANG_WARN_STRICT_PROTOTYPES = YES;
				CLANG_WARN_SUSPICIOUS_MOVE = YES;
				CLANG_WARN_UNGUARDED_AVAILABILITY = YES_AGGRESSIVE;
				CLANG_WARN_UNREACHABLE_CODE = YES;
				CLANG_WARN__DUPLICATE_METHOD_MATCH = YES;
				COPY_PHASE_STRIP = NO;
				DEBUG_INFORMATION_FORMAT = dwarf;
				ENABLE_STRICT_OBJC_MSGSEND = YES;
				ENABLE_TESTABILITY = YES;
				GCC_C_LANGUAGE_STANDARD = gnu11;
				GCC_DYNAMIC_NO_PIC = NO;
				GCC_NO_COMMON_BLOCKS = YES;
				GCC_OPTIMIZATION_LEVEL = 0;
				GCC_PREPROCESSOR_DEFINITIONS = (
					"DEBUG=1",
					"$(inherited)",
				);
				GCC_WARN_64_TO_32_BIT_CONVERSION = YES;
				GCC_WARN_ABOUT_RETURN_TYPE = YES_ERROR;
				GCC_WARN_UNDECLARED_SELECTOR = YES;
				GCC_WARN_UNINITIALIZED_AUTOS = YES_AGGRESSIVE;
				GCC_WARN_UNUSED_FUNCTION = YES;
				GCC_WARN_UNUSED_VARIABLE = YES;
				MACOSX_DEPLOYMENT_TARGET = 12.3;
				MTL_ENABLE_DEBUG_INFO = INCLUDE_SOURCE;
				MTL_FAST_MATH = YES;
				ONLY_ACTIVE_ARCH = YES;
				SDKROOT = macosx;
				SWIFT_ACTIVE_COMPILATION_CONDITIONS = DEBUG;
				SWIFT_OPTIMIZATION_LEVEL = "-Onone";
			};
			name = Debug;
		};
		B5E874B928862E99000EB191 /* Release */ = {
			isa = XCBuildConfiguration;
			buildSettings = {
				ALWAYS_SEARCH_USER_PATHS = NO;
				CLANG_ANALYZER_NONNULL = YES;
				CLANG_ANALYZER_NUMBER_OBJECT_CONVERSION = YES_AGGRESSIVE;
				CLANG_CXX_LANGUAGE_STANDARD = "gnu++17";
				CLANG_ENABLE_MODULES = YES;
				CLANG_ENABLE_OBJC_ARC = YES;
				CLANG_ENABLE_OBJC_WEAK = YES;
				CLANG_WARN_BLOCK_CAPTURE_AUTORELEASING = YES;
				CLANG_WARN_BOOL_CONVERSION = YES;
				CLANG_WARN_COMMA = YES;
				CLANG_WARN_CONSTANT_CONVERSION = YES;
				CLANG_WARN_DEPRECATED_OBJC_IMPLEMENTATIONS = YES;
				CLANG_WARN_DIRECT_OBJC_ISA_USAGE = YES_ERROR;
				CLANG_WARN_DOCUMENTATION_COMMENTS = YES;
				CLANG_WARN_EMPTY_BODY = YES;
				CLANG_WARN_ENUM_CONVERSION = YES;
				CLANG_WARN_INFINITE_RECURSION = YES;
				CLANG_WARN_INT_CONVERSION = YES;
				CLANG_WARN_NON_LITERAL_NULL_CONVERSION = YES;
				CLANG_WARN_OBJC_IMPLICIT_RETAIN_SELF = YES;
				CLANG_WARN_OBJC_LITERAL_CONVERSION = YES;
				CLANG_WARN_OBJC_ROOT_CLASS = YES_ERROR;
				CLANG_WARN_QUOTED_INCLUDE_IN_FRAMEWORK_HEADER = YES;
				CLANG_WARN_RANGE_LOOP_ANALYSIS = YES;
				CLANG_WARN_STRICT_PROTOTYPES = YES;
				CLANG_WARN_SUSPICIOUS_MOVE = YES;
				CLANG_WARN_UNGUARDED_AVAILABILITY = YES_AGGRESSIVE;
				CLANG_WARN_UNREACHABLE_CODE = YES;
				CLANG_WARN__DUPLICATE_METHOD_MATCH = YES;
				COPY_PHASE_STRIP = NO;
				DEBUG_INFORMATION_FORMAT = "dwarf-with-dsym";
				ENABLE_NS_ASSERTIONS = NO;
				ENABLE_STRICT_OBJC_MSGSEND = YES;
				GCC_C_LANGUAGE_STANDARD = gnu11;
				GCC_NO_COMMON_BLOCKS = YES;
				GCC_WARN_64_TO_32_BIT_CONVERSION = YES;
				GCC_WARN_ABOUT_RETURN_TYPE = YES_ERROR;
				GCC_WARN_UNDECLARED_SELECTOR = YES;
				GCC_WARN_UNINITIALIZED_AUTOS = YES_AGGRESSIVE;
				GCC_WARN_UNUSED_FUNCTION = YES;
				GCC_WARN_UNUSED_VARIABLE = YES;
				MACOSX_DEPLOYMENT_TARGET = 12.3;
				MTL_ENABLE_DEBUG_INFO = NO;
				MTL_FAST_MATH = YES;
				SDKROOT = macosx;
				SWIFT_COMPILATION_MODE = wholemodule;
				SWIFT_OPTIMIZATION_LEVEL = "-O";
			};
			name = Release;
		};
		B5E874BB28862E99000EB191 /* Debug */ = {
			isa = XCBuildConfiguration;
			buildSettings = {
				ASSETCATALOG_COMPILER_APPICON_NAME = AppIcon;
				ASSETCATALOG_COMPILER_GLOBAL_ACCENT_COLOR_NAME = AccentColor;
				CODE_SIGN_ENTITLEMENTS = macosapp/macosapp.entitlements;
				CODE_SIGN_STYLE = Automatic;
				COMBINE_HIDPI_IMAGES = YES;
				CURRENT_PROJECT_VERSION = 1;
				DEVELOPMENT_ASSET_PATHS = "\"macosapp/Preview Content\"";
				ENABLE_PREVIEWS = YES;
				GENERATE_INFOPLIST_FILE = YES;
				INFOPLIST_KEY_NSHumanReadableCopyright = "";
				LD_RUNPATH_SEARCH_PATHS = (
					"$(inherited)",
					"@executable_path/../Frameworks",
				);
				MARKETING_VERSION = 1.0;
				PRODUCT_BUNDLE_IDENTIFIER = com.swetrix.macosapp;
				PRODUCT_NAME = "$(TARGET_NAME)";
				SWIFT_EMIT_LOC_STRINGS = YES;
				SWIFT_VERSION = 5.0;
			};
			name = Debug;
		};
		B5E874BC28862E99000EB191 /* Release */ = {
			isa = XCBuildConfiguration;
			buildSettings = {
				ASSETCATALOG_COMPILER_APPICON_NAME = AppIcon;
				ASSETCATALOG_COMPILER_GLOBAL_ACCENT_COLOR_NAME = AccentColor;
				CODE_SIGN_ENTITLEMENTS = macosapp/macosapp.entitlements;
				CODE_SIGN_STYLE = Automatic;
				COMBINE_HIDPI_IMAGES = YES;
				CURRENT_PROJECT_VERSION = 1;
				DEVELOPMENT_ASSET_PATHS = "\"macosapp/Preview Content\"";
				ENABLE_PREVIEWS = YES;
				GENERATE_INFOPLIST_FILE = YES;
				INFOPLIST_KEY_NSHumanReadableCopyright = "";
				LD_RUNPATH_SEARCH_PATHS = (
					"$(inherited)",
					"@executable_path/../Frameworks",
				);
				MARKETING_VERSION = 1.0;
				PRODUCT_BUNDLE_IDENTIFIER = com.swetrix.macosapp;
				PRODUCT_NAME = "$(TARGET_NAME)";
				SWIFT_EMIT_LOC_STRINGS = YES;
				SWIFT_VERSION = 5.0;
			};
			name = Release;
		};
		B5E874BE28862E99000EB191 /* Debug */ = {
			isa = XCBuildConfiguration;
			buildSettings = {
				ALWAYS_EMBED_SWIFT_STANDARD_LIBRARIES = YES;
				BUNDLE_LOADER = "$(TEST_HOST)";
				CODE_SIGN_STYLE = Automatic;
				CURRENT_PROJECT_VERSION = 1;
				GENERATE_INFOPLIST_FILE = YES;
				MACOSX_DEPLOYMENT_TARGET = 12.3;
				MARKETING_VERSION = 1.0;
				PRODUCT_BUNDLE_IDENTIFIER = com.swetrix.macosappTests;
				PRODUCT_NAME = "$(TARGET_NAME)";
				SWIFT_EMIT_LOC_STRINGS = NO;
				SWIFT_VERSION = 5.0;
				TEST_HOST = "$(BUILT_PRODUCTS_DIR)/macosapp.app/Contents/MacOS/macosapp";
			};
			name = Debug;
		};
		B5E874BF28862E99000EB191 /* Release */ = {
			isa = XCBuildConfiguration;
			buildSettings = {
				ALWAYS_EMBED_SWIFT_STANDARD_LIBRARIES = YES;
				BUNDLE_LOADER = "$(TEST_HOST)";
				CODE_SIGN_STYLE = Automatic;
				CURRENT_PROJECT_VERSION = 1;
				GENERATE_INFOPLIST_FILE = YES;
				MACOSX_DEPLOYMENT_TARGET = 12.3;
				MARKETING_VERSION = 1.0;
				PRODUCT_BUNDLE_IDENTIFIER = com.swetrix.macosappTests;
				PRODUCT_NAME = "$(TARGET_NAME)";
				SWIFT_EMIT_LOC_STRINGS = NO;
				SWIFT_VERSION = 5.0;
				TEST_HOST = "$(BUILT_PRODUCTS_DIR)/macosapp.app/Contents/MacOS/macosapp";
			};
			name = Release;
		};
		B5E874C128862E99000EB191 /* Debug */ = {
			isa = XCBuildConfiguration;
			buildSettings = {
				ALWAYS_EMBED_SWIFT_STANDARD_LIBRARIES = YES;
				CODE_SIGN_STYLE = Automatic;
				CURRENT_PROJECT_VERSION = 1;
				GENERATE_INFOPLIST_FILE = YES;
				MARKETING_VERSION = 1.0;
				PRODUCT_BUNDLE_IDENTIFIER = com.swetrix.macosappUITests;
				PRODUCT_NAME = "$(TARGET_NAME)";
				SWIFT_EMIT_LOC_STRINGS = NO;
				SWIFT_VERSION = 5.0;
				TEST_TARGET_NAME = macosapp;
			};
			name = Debug;
		};
		B5E874C228862E99000EB191 /* Release */ = {
			isa = XCBuildConfiguration;
			buildSettings = {
				ALWAYS_EMBED_SWIFT_STANDARD_LIBRARIES = YES;
				CODE_SIGN_STYLE = Automatic;
				CURRENT_PROJECT_VERSION = 1;
				GENERATE_INFOPLIST_FILE = YES;
				MARKETING_VERSION = 1.0;
				PRODUCT_BUNDLE_IDENTIFIER = com.swetrix.macosappUITests;
				PRODUCT_NAME = "$(TARGET_NAME)";
				SWIFT_EMIT_LOC_STRINGS = NO;
				SWIFT_VERSION = 5.0;
				TEST_TARGET_NAME = macosapp;
			};
			name = Release;
		};
/* End XCBuildConfiguration section */

/* Begin XCConfigurationList section */
		B5E8749028862E96000EB191 /* Build configuration list for PBXProject "macosapp" */ = {
			isa = XCConfigurationList;
			buildConfigurations = (
				B5E874B828862E99000EB191 /* Debug */,
				B5E874B928862E99000EB191 /* Release */,
			);
			defaultConfigurationIsVisible = 0;
			defaultConfigurationName = Release;
		};
		B5E874BA28862E99000EB191 /* Build configuration list for PBXNativeTarget "macosapp" */ = {
			isa = XCConfigurationList;
			buildConfigurations = (
				B5E874BB28862E99000EB191 /* Debug */,
				B5E874BC28862E99000EB191 /* Release */,
			);
			defaultConfigurationIsVisible = 0;
			defaultConfigurationName = Release;
		};
		B5E874BD28862E99000EB191 /* Build configuration list for PBXNativeTarget "macosappTests" */ = {
			isa = XCConfigurationList;
			buildConfigurations = (
				B5E874BE28862E99000EB191 /* Debug */,
				B5E874BF28862E99000EB191 /* Release */,
			);
			defaultConfigurationIsVisible = 0;
			defaultConfigurationName = Release;
		};
		B5E874C028862E99000EB191 /* Build configuration list for PBXNativeTarget "macosappUITests" */ = {
			isa = XCConfigurationList;
			buildConfigurations = (
				B5E874C128862E99000EB191 /* Debug */,
				B5E874C228862E99000EB191 /* Release */,
			);
			defaultConfigurationIsVisible = 0;
			defaultConfigurationName = Release;
		};
/* End XCConfigurationList section */
	};
	rootObject = B5E8748D28862E96000EB191 /* Project object */;
}
